
Microsoft Visual Studio Solution File, Format Version 12.00
# Visual Studio Version 16
VisualStudioVersion = 16.0.31205.134
MinimumVisualStudioVersion = 10.0.40219.1
Project("{FAE04EC0-301F-11D3-BF4B-00C04F79EFBC}") = "Interfaz-GUI", "Interfaz-GUI\Interfaz-GUI.csproj", "{8CCA6A63-F804-4512-A865-1592CDEB330D}"
EndProject
Project("{FAE04EC0-301F-11D3-BF4B-00C04F79EFBC}") = "Negocio-BLL", "Negocio-BLL\Negocio-BLL.csproj", "{783B849E-B129-4194-8E46-479D48BE92CD}"
EndProject
Project("{FAE04EC0-301F-11D3-BF4B-00C04F79EFBC}") = "Propiedades-BE", "Propiedades-BE\Propiedades-BE.csproj", "{B4612720-7E68-41A2-AC21-72AA3D178E20}"
EndProject
Project("{FAE04EC0-301F-11D3-BF4B-00C04F79EFBC}") = "Acceso-DAL", "Acceso-DAL\Acceso-DAL.csproj", "{9BCEBCFC-D93D-4F3C-BB22-0C1A63F60082}"
EndProject
Global
	GlobalSection(SolutionConfigurationPlatforms) = preSolution
		Debug|Any CPU = Debug|Any CPU
		Release|Any CPU = Release|Any CPU
	EndGlobalSection
	GlobalSection(ProjectConfigurationPlatforms) = postSolution
		{8CCA6A63-F804-4512-A865-1592CDEB330D}.Debug|Any CPU.ActiveCfg = Debug|Any CPU
		{8CCA6A63-F804-4512-A865-1592CDEB330D}.Debug|Any CPU.Build.0 = Debug|Any CPU
		{8CCA6A63-F804-4512-A865-1592CDEB330D}.Release|Any CPU.ActiveCfg = Release|Any CPU
		{8CCA6A63-F804-4512-A865-1592CDEB330D}.Release|Any CPU.Build.0 = Release|Any CPU
		{783B849E-B129-4194-8E46-479D48BE92CD}.Debug|Any CPU.ActiveCfg = Debug|Any CPU
		{783B849E-B129-4194-8E46-479D48BE92CD}.Debug|Any CPU.Build.0 = Debug|Any CPU
		{783B849E-B129-4194-8E46-479D48BE92CD}.Release|Any CPU.ActiveCfg = Release|Any CPU
		{783B849E-B129-4194-8E46-479D48BE92CD}.Release|Any CPU.Build.0 = Release|Any CPU
		{B4612720-7E68-41A2-AC21-72AA3D178E20}.Debug|Any CPU.ActiveCfg = Debug|Any CPU
		{B4612720-7E68-41A2-AC21-72AA3D178E20}.Debug|Any CPU.Build.0 = Debug|Any CPU
		{B4612720-7E68-41A2-AC21-72AA3D178E20}.Release|Any CPU.ActiveCfg = Release|Any CPU
		{B4612720-7E68-41A2-AC21-72AA3D178E20}.Release|Any CPU.Build.0 = Release|Any CPU
		{9BCEBCFC-D93D-4F3C-BB22-0C1A63F60082}.Debug|Any CPU.ActiveCfg = Debug|Any CPU
		{9BCEBCFC-D93D-4F3C-BB22-0C1A63F60082}.Debug|Any CPU.Build.0 = Debug|Any CPU
		{9BCEBCFC-D93D-4F3C-BB22-0C1A63F60082}.Release|Any CPU.ActiveCfg = Release|Any CPU
		{9BCEBCFC-D93D-4F3C-BB22-0C1A63F60082}.Release|Any CPU.Build.0 = Release|Any CPU
	EndGlobalSection
	GlobalSection(SolutionProperties) = preSolution
		HideSolutionNode = FALSE
	EndGlobalSection
	GlobalSection(ExtensibilityGlobals) = postSolution
		SolutionGuid = {480493EF-D658-44C1-938F-40E610604107}
	EndGlobalSection
EndGlobal
